// !$*UTF8*$!
{ archiveVersion = 1; classes = {}; objectVersion = 56; objects = {
00F209874A1F7309F6DCEAA7 = { isa = XCBuildConfiguration; name = Release; buildSettings = { "SWIFT_VERSION" = "5.0"; "IPHONEOS_DEPLOYMENT_TARGET" = "18.0"; "SDKROOT" = "iphoneos"; "SUPPORTED_PLATFORMS" = "iphoneos iphonesimulator"; "TARGETED_DEVICE_FAMILY" = "1,2"; "SUPPORTS_MACCATALYST" = "NO"; "SUPPORTS_MAC_DESIGNED_FOR_IPHONE_IPAD" = "NO"; "SUPPORTS_XR_DESIGNED_FOR_IPHONE_IPAD" = "NO"; "CLANG_ENABLE_MODULES" = "YES"; "SWIFT_OPTIMIZATION_LEVEL" = "-O"; "DEBUG_INFORMATION_FORMAT" = "dwarf-with-dsym"; "SWIFT_ACTIVE_COMPILATION_CONDITIONS" = ""; "ENABLE_TESTABILITY" = "NO"; "CODE_SIGN_STYLE" = "Automatic"; }; };
08C041766DE69DA9DF8D6149 = { isa = PBXFileReference; lastKnownFileType = sourcecode.swift; path = "Tests/DevelopmentTitleTests/BundledContentTests.swift"; sourceTree = SOURCE_ROOT; };
0C7F1FEF6A37E4FEBC6AE8C0 = { isa = XCSwiftPackageProductDependency; package = 82AFF9C85DAFBE48127D9B4F; productName = GameCore; };
198AA8EA2A3A4B5640AEA2BE = { isa = PBXFileReference; explicitFileType = wrapper.cfbundle; path = DevelopmentTitleTests.xctest; sourceTree = BUILT_PRODUCTS_DIR; };
19F0976CA299F93A2DFF5F71 = { isa = PBXResourcesBuildPhase; buildActionMask = 2147483647; files = (); runOnlyForDeploymentPostprocessing = 0; };
1B188EBD82E1292C3AC7A282 = { isa = PBXBuildFile; productRef = 0C7F1FEF6A37E4FEBC6AE8C0; };
1D682B1858A8DC8FE0A5AB19 = { isa = PBXFileReference; lastKnownFileType = sourcecode.swift; path = "Games/DevelopmentTitle/DevelopmentScene.swift"; sourceTree = SOURCE_ROOT; };
268D2D29669C504AD910B275 = { isa = XCConfigurationList; buildConfigurations = (F8975E934DA2067E0E497395, F72D4F08E84CA4C7F809A7CF,); defaultConfigurationIsVisible = 0; defaultConfigurationName = Release; };
271B22BA4EE17EAF098C1BA2 = { isa = PBXBuildFile; productRef = FF7347E67FD0DD94E6966BB7; };
29BDA96421A20793CBB0DB0E = { isa = PBXBuildFile; fileRef = 797D55948DA0D40F532E5FB4; };
39F831DAFE5A2F37503C83B2 = { isa = PBXFrameworksBuildPhase; buildActionMask = 2147483647; files = (); runOnlyForDeploymentPostprocessing = 0; };
48021BA534050206D31D8AAD = { isa = PBXNativeTarget; name = DevelopmentTitleTests; productName = DevelopmentTitleTests; productReference = 198AA8EA2A3A4B5640AEA2BE; productType = "com.apple.product-type.bundle.unit-test"; buildConfigurationList = 5BF4472286C9ACD7371A3AB5; buildPhases = (5DDB0E64CE5DBFEFCE957171, 4EFE369E822A01F5F3097F6E, C9FEA491171BA9854D4C4FFC,); buildRules = (); dependencies = (73996D0FF31A2C017A5EAC0F,); packageProductDependencies = (0C7F1FEF6A37E4FEBC6AE8C0, FF7347E67FD0DD94E6966BB7, 5096D5969136DA50476512A9,); };
49A6CD41A58AA10A9802997E = { isa = XCConfigurationList; buildConfigurations = (BAC435B037607B50C4729BF1, 5DE0B96147C56CE7EB664EA3,); defaultConfigurationIsVisible = 0; defaultConfigurationName = Release; };
4E783A9E10D2A8ABA38CD11C = { isa = PBXFileReference; explicitFileType = wrapper.application; path = DevelopmentTitle.app; sourceTree = BUILT_PRODUCTS_DIR; };
4EFE369E822A01F5F3097F6E = { isa = PBXFrameworksBuildPhase; buildActionMask = 2147483647; files = (94819EE7042265DDC3FBAC93, 271B22BA4EE17EAF098C1BA2, BDBCAA03E1239BEA4F6EC766,); runOnlyForDeploymentPostprocessing = 0; };
5096D5969136DA50476512A9 = { isa = XCSwiftPackageProductDependency; package = A9C56DCC5315B7F5B28F72C7; productName = DevelopmentContent; };
57A664780A8DA7C7A474E508 = { isa = XCLocalSwiftPackageReference; relativePath = "Packages/GamePlatform"; };
5BF4472286C9ACD7371A3AB5 = { isa = XCConfigurationList; buildConfigurations = (9E5170DD8516708D743B58C3, B8E4BB20B79A92CF430DB3B0,); defaultConfigurationIsVisible = 0; defaultConfigurationName = Release; };
5DDB0E64CE5DBFEFCE957171 = { isa = PBXSourcesBuildPhase; buildActionMask = 2147483647; files = (A12355573375A823A9E204D4, EDC6982AF211A87DFECFBA86, DC07231CAA13B47DEC226223,); runOnlyForDeploymentPostprocessing = 0; };
5DE0B96147C56CE7EB664EA3 = { isa = XCBuildConfiguration; name = Release; buildSettings = { "SWIFT_VERSION" = "5.0"; "IPHONEOS_DEPLOYMENT_TARGET" = "18.0"; "SDKROOT" = "iphoneos"; "SUPPORTED_PLATFORMS" = "iphoneos iphonesimulator"; "TARGETED_DEVICE_FAMILY" = "1,2"; "SUPPORTS_MACCATALYST" = "NO"; "SUPPORTS_MAC_DESIGNED_FOR_IPHONE_IPAD" = "NO"; "SUPPORTS_XR_DESIGNED_FOR_IPHONE_IPAD" = "NO"; "CLANG_ENABLE_MODULES" = "YES"; "SWIFT_OPTIMIZATION_LEVEL" = "-O"; "DEBUG_INFORMATION_FORMAT" = "dwarf-with-dsym"; "SWIFT_ACTIVE_COMPILATION_CONDITIONS" = ""; "ENABLE_TESTABILITY" = "NO"; "CODE_SIGN_STYLE" = "Automatic"; "PRODUCT_NAME" = "$(TARGET_NAME)"; "PRODUCT_BUNDLE_IDENTIFIER" = "local.gamecore.DevelopmentTitleUITests"; "GENERATE_INFOPLIST_FILE" = "YES"; "TEST_TARGET_NAME" = "DevelopmentTitle"; }; };
5EC49EABE02409E19FBCEA13 = { isa = PBXFileReference; lastKnownFileType = text.plist.xml; path = "Games/DevelopmentTitle/Info.plist"; sourceTree = SOURCE_ROOT; };
6650A2B5E24FA7522CE6B81C = { isa = XCConfigurationList; buildConfigurations = (ED8772ADEC3A6C25161BC957, 00F209874A1F7309F6DCEAA7,); defaultConfigurationIsVisible = 0; defaultConfigurationName = Release; };
6A968D4B213A367F65C6FFD9 = { isa = PBXFileReference; lastKnownFileType = sourcecode.swift; path = "Games/DevelopmentTitle/ShellModel.swift"; sourceTree = SOURCE_ROOT; };
6C7CCDEB3609F1FAA874E941 = { isa = PBXFileReference; explicitFileType = wrapper.cfbundle; path = DevelopmentTitleUITests.xctest; sourceTree = BUILT_PRODUCTS_DIR; };
73996D0FF31A2C017A5EAC0F = { isa = PBXTargetDependency; target = F75109BEB4DD8800DA6B45F8; targetProxy = EEE53D504AFCC8D4B0AA715A; };
7776D6D2F9B66D387E713989 = { isa = PBXBuildFile; fileRef = 9D021C54543EDE1DE1D187FF; };
794AAC98ACE6EB716B86C3A5 = { isa = PBXNativeTarget; name = DevelopmentTitleUITests; productName = DevelopmentTitleUITests; productReference = 6C7CCDEB3609F1FAA874E941; productType = "com.apple.product-type.bundle.ui-testing"; buildConfigurationList = 49A6CD41A58AA10A9802997E; buildPhases = (F9ACDEB529017EFC18F5E60A, 39F831DAFE5A2F37503C83B2, 19F0976CA299F93A2DFF5F71,); buildRules = (); dependencies = (73996D0FF31A2C017A5EAC0F,); };
797D55948DA0D40F532E5FB4 = { isa = PBXFileReference; lastKnownFileType = sourcecode.swift; path = "Games/DevelopmentTitle/DevelopmentTitleApp.swift"; sourceTree = SOURCE_ROOT; };
82AFF9C85DAFBE48127D9B4F = { isa = XCLocalSwiftPackageReference; relativePath = "Packages/GameCore"; };
870B3294C0CBD48AF6BBCC1B = { isa = PBXGroup; sourceTree = "<group>"; children = (1D682B1858A8DC8FE0A5AB19, 797D55948DA0D40F532E5FB4, 6A968D4B213A367F65C6FFD9, 9D021C54543EDE1DE1D187FF, FE3E89E6FC476B86B07C8A3A, 08C041766DE69DA9DF8D6149, E655B3431B9E886675092695, 8E5DC14BC0A80A8A1B289527, 5EC49EABE02409E19FBCEA13, FBDC4F23F93125BBEEAE800C,); };
8E5DC14BC0A80A8A1B289527 = { isa = PBXFileReference; lastKnownFileType = sourcecode.swift; path = "Tests/DevelopmentTitleTests/ShellModelTests.swift"; sourceTree = SOURCE_ROOT; };
8ECC8B5D05B79F879ACDF1A2 = { isa = PBXResourcesBuildPhase; buildActionMask = 2147483647; files = (); runOnlyForDeploymentPostprocessing = 0; };
94819EE7042265DDC3FBAC93 = { isa = PBXBuildFile; productRef = 0C7F1FEF6A37E4FEBC6AE8C0; };
949D493B91791558E87BC5D7 = { isa = PBXSourcesBuildPhase; buildActionMask = 2147483647; files = (DC7D75E2171EE767254F6F48, 29BDA96421A20793CBB0DB0E, F890C5CB46726687B275399D, 7776D6D2F9B66D387E713989,); runOnlyForDeploymentPostprocessing = 0; };
96024A2E615444E712785778 = { isa = PBXBuildFile; productRef = FF7347E67FD0DD94E6966BB7; };
98F54143AB4E86B28C3AFEE0 = { isa = PBXProject; attributes = { BuildIndependentTargetsInParallel = YES; LastUpgradeCheck = 2700; TargetAttributes = { 794AAC98ACE6EB716B86C3A5 = { TestTargetID = F75109BEB4DD8800DA6B45F8; }; 48021BA534050206D31D8AAD = { TestTargetID = F75109BEB4DD8800DA6B45F8; }; }; }; buildConfigurationList = 6650A2B5E24FA7522CE6B81C; compatibilityVersion = "Xcode 14.0"; developmentRegion = en; hasScannedForEncodings = 0; knownRegions = (en, Base); mainGroup = 870B3294C0CBD48AF6BBCC1B; productRefGroup = FBDC4F23F93125BBEEAE800C; projectDirPath = ""; projectRoot = ""; packageReferences = (82AFF9C85DAFBE48127D9B4F, 57A664780A8DA7C7A474E508, A9C56DCC5315B7F5B28F72C7,); targets = (F75109BEB4DD8800DA6B45F8, 794AAC98ACE6EB716B86C3A5, 48021BA534050206D31D8AAD,); };
9D021C54543EDE1DE1D187FF = { isa = PBXFileReference; lastKnownFileType = sourcecode.swift; path = "Games/DevelopmentTitle/ShellView.swift"; sourceTree = SOURCE_ROOT; };
9E5170DD8516708D743B58C3 = { isa = XCBuildConfiguration; name = Debug; buildSettings = { "SWIFT_VERSION" = "5.0"; "IPHONEOS_DEPLOYMENT_TARGET" = "18.0"; "SDKROOT" = "iphoneos"; "SUPPORTED_PLATFORMS" = "iphoneos iphonesimulator"; "TARGETED_DEVICE_FAMILY" = "1,2"; "SUPPORTS_MACCATALYST" = "NO"; "SUPPORTS_MAC_DESIGNED_FOR_IPHONE_IPAD" = "NO"; "SUPPORTS_XR_DESIGNED_FOR_IPHONE_IPAD" = "NO"; "CLANG_ENABLE_MODULES" = "YES"; "SWIFT_OPTIMIZATION_LEVEL" = "-Onone"; "DEBUG_INFORMATION_FORMAT" = "dwarf"; "SWIFT_ACTIVE_COMPILATION_CONDITIONS" = "DEBUG"; "ENABLE_TESTABILITY" = "YES"; "CODE_SIGN_STYLE" = "Automatic"; "PRODUCT_NAME" = "$(TARGET_NAME)"; "PRODUCT_BUNDLE_IDENTIFIER" = "local.gamecore.DevelopmentTitleTests"; "GENERATE_INFOPLIST_FILE" = "YES"; "TEST_HOST" = "$(BUILT_PRODUCTS_DIR)/DevelopmentTitle.app/DevelopmentTitle"; "BUNDLE_LOADER" = "$(TEST_HOST)"; }; };
A12355573375A823A9E204D4 = { isa = PBXBuildFile; fileRef = 08C041766DE69DA9DF8D6149; };
A9C56DCC5315B7F5B28F72C7 = { isa = XCLocalSwiftPackageReference; relativePath = "Games/DevelopmentContent"; };
B8E4BB20B79A92CF430DB3B0 = { isa = XCBuildConfiguration; name = Release; buildSettings = { "SWIFT_VERSION" = "5.0"; "IPHONEOS_DEPLOYMENT_TARGET" = "18.0"; "SDKROOT" = "iphoneos"; "SUPPORTED_PLATFORMS" = "iphoneos iphonesimulator"; "TARGETED_DEVICE_FAMILY" = "1,2"; "SUPPORTS_MACCATALYST" = "NO"; "SUPPORTS_MAC_DESIGNED_FOR_IPHONE_IPAD" = "NO"; "SUPPORTS_XR_DESIGNED_FOR_IPHONE_IPAD" = "NO"; "CLANG_ENABLE_MODULES" = "YES"; "SWIFT_OPTIMIZATION_LEVEL" = "-O"; "DEBUG_INFORMATION_FORMAT" = "dwarf-with-dsym"; "SWIFT_ACTIVE_COMPILATION_CONDITIONS" = ""; "ENABLE_TESTABILITY" = "NO"; "CODE_SIGN_STYLE" = "Automatic"; "PRODUCT_NAME" = "$(TARGET_NAME)"; "PRODUCT_BUNDLE_IDENTIFIER" = "local.gamecore.DevelopmentTitleTests"; "GENERATE_INFOPLIST_FILE" = "YES"; "TEST_HOST" = "$(BUILT_PRODUCTS_DIR)/DevelopmentTitle.app/DevelopmentTitle"; "BUNDLE_LOADER" = "$(TEST_HOST)"; }; };
BAC435B037607B50C4729BF1 = { isa = XCBuildConfiguration; name = Debug; buildSettings = { "SWIFT_VERSION" = "5.0"; "IPHONEOS_DEPLOYMENT_TARGET" = "18.0"; "SDKROOT" = "iphoneos"; "SUPPORTED_PLATFORMS" = "iphoneos iphonesimulator"; "TARGETED_DEVICE_FAMILY" = "1,2"; "SUPPORTS_MACCATALYST" = "NO"; "SUPPORTS_MAC_DESIGNED_FOR_IPHONE_IPAD" = "NO"; "SUPPORTS_XR_DESIGNED_FOR_IPHONE_IPAD" = "NO"; "CLANG_ENABLE_MODULES" = "YES"; "SWIFT_OPTIMIZATION_LEVEL" = "-Onone"; "DEBUG_INFORMATION_FORMAT" = "dwarf"; "SWIFT_ACTIVE_COMPILATION_CONDITIONS" = "DEBUG"; "ENABLE_TESTABILITY" = "YES"; "CODE_SIGN_STYLE" = "Automatic"; "PRODUCT_NAME" = "$(TARGET_NAME)"; "PRODUCT_BUNDLE_IDENTIFIER" = "local.gamecore.DevelopmentTitleUITests"; "GENERATE_INFOPLIST_FILE" = "YES"; "TEST_TARGET_NAME" = "DevelopmentTitle"; }; };
BD92572B49AC16A86614498D = { isa = PBXFrameworksBuildPhase; buildActionMask = 2147483647; files = (1B188EBD82E1292C3AC7A282, 96024A2E615444E712785778, C129740AD4ADB5F94919B6FA,); runOnlyForDeploymentPostprocessing = 0; };
BDBCAA03E1239BEA4F6EC766 = { isa = PBXBuildFile; productRef = 5096D5969136DA50476512A9; };
C129740AD4ADB5F94919B6FA = { isa = PBXBuildFile; productRef = 5096D5969136DA50476512A9; };
C9FEA491171BA9854D4C4FFC = { isa = PBXResourcesBuildPhase; buildActionMask = 2147483647; files = (); runOnlyForDeploymentPostprocessing = 0; };
CC834BECCE54E9D46224B49F = { isa = PBXShellScriptBuildPhase; buildActionMask = 2147483647; files = (); inputPaths = (); outputPaths = (); runOnlyForDeploymentPostprocessing = 0; alwaysOutOfDate = 1; shellPath = /bin/sh; shellScript = "set -eu\ncd \"$SRCROOT\"\n/usr/bin/env -u SDK_NAME -u SDK_DIR -u PLATFORM_NAME -u SWIFT_EXEC SDKROOT=\"$(/usr/bin/xcrun --sdk macosx --show-sdk-path)\" /usr/bin/xcrun --sdk macosx swift run --package-path Games/DevelopmentContent --scratch-path \"$DERIVED_FILE_DIR/ContentValidation\" content-validator Games/DevelopmentContent/Sources/DevelopmentContent/Resources\n"; };
CF2F09F61FB98F6DDAC37197 = { isa = PBXBuildFile; fileRef = FE3E89E6FC476B86B07C8A3A; };
DC07231CAA13B47DEC226223 = { isa = PBXBuildFile; fileRef = 8E5DC14BC0A80A8A1B289527; };
DC7D75E2171EE767254F6F48 = { isa = PBXBuildFile; fileRef = 1D682B1858A8DC8FE0A5AB19; };
E655B3431B9E886675092695 = { isa = PBXFileReference; lastKnownFileType = sourcecode.swift; path = "Tests/DevelopmentTitleTests/SavePersistenceTests.swift"; sourceTree = SOURCE_ROOT; };
ED8772ADEC3A6C25161BC957 = { isa = XCBuildConfiguration; name = Debug; buildSettings = { "SWIFT_VERSION" = "5.0"; "IPHONEOS_DEPLOYMENT_TARGET" = "18.0"; "SDKROOT" = "iphoneos"; "SUPPORTED_PLATFORMS" = "iphoneos iphonesimulator"; "TARGETED_DEVICE_FAMILY" = "1,2"; "SUPPORTS_MACCATALYST" = "NO"; "SUPPORTS_MAC_DESIGNED_FOR_IPHONE_IPAD" = "NO"; "SUPPORTS_XR_DESIGNED_FOR_IPHONE_IPAD" = "NO"; "CLANG_ENABLE_MODULES" = "YES"; "SWIFT_OPTIMIZATION_LEVEL" = "-Onone"; "DEBUG_INFORMATION_FORMAT" = "dwarf"; "SWIFT_ACTIVE_COMPILATION_CONDITIONS" = "DEBUG"; "ENABLE_TESTABILITY" = "YES"; "CODE_SIGN_STYLE" = "Automatic"; }; };
EDC6982AF211A87DFECFBA86 = { isa = PBXBuildFile; fileRef = E655B3431B9E886675092695; };
EEE53D504AFCC8D4B0AA715A = { isa = PBXContainerItemProxy; containerPortal = 98F54143AB4E86B28C3AFEE0; proxyType = 1; remoteGlobalIDString = F75109BEB4DD8800DA6B45F8; remoteInfo = DevelopmentTitle; };
F72D4F08E84CA4C7F809A7CF = { isa = XCBuildConfiguration; name = Release; buildSettings = { "SWIFT_VERSION" = "5.0"; "IPHONEOS_DEPLOYMENT_TARGET" = "18.0"; "SDKROOT" = "iphoneos"; "SUPPORTED_PLATFORMS" = "iphoneos iphonesimulator"; "TARGETED_DEVICE_FAMILY" = "1,2"; "SUPPORTS_MACCATALYST" = "NO"; "SUPPORTS_MAC_DESIGNED_FOR_IPHONE_IPAD" = "NO"; "SUPPORTS_XR_DESIGNED_FOR_IPHONE_IPAD" = "NO"; "CLANG_ENABLE_MODULES" = "YES"; "SWIFT_OPTIMIZATION_LEVEL" = "-O"; "DEBUG_INFORMATION_FORMAT" = "dwarf-with-dsym"; "SWIFT_ACTIVE_COMPILATION_CONDITIONS" = ""; "ENABLE_TESTABILITY" = "NO"; "CODE_SIGN_STYLE" = "Automatic"; "PRODUCT_NAME" = "$(TARGET_NAME)"; "PRODUCT_BUNDLE_IDENTIFIER" = "local.gamecore.DevelopmentTitle"; "GENERATE_INFOPLIST_FILE" = "YES"; "INFOPLIST_FILE" = "Games/DevelopmentTitle/Info.plist"; "INFOPLIST_KEY_CFBundleDisplayName" = "Development Title"; "INFOPLIST_KEY_UILaunchScreen_Generation" = "YES"; "INFOPLIST_KEY_UISupportedInterfaceOrientations" = "UIInterfaceOrientationPortrait UIInterfaceOrientationLandscapeLeft UIInterfaceOrientationLandscapeRight"; "INFOPLIST_KEY_UISupportedInterfaceOrientations_iPad" = "UIInterfaceOrientationPortrait UIInterfaceOrientationPortraitUpsideDown UIInterfaceOrientationLandscapeLeft UIInterfaceOrientationLandscapeRight"; "MARKETING_VERSION" = "0.0.1"; "CURRENT_PROJECT_VERSION" = "1"; "ENABLE_USER_SCRIPT_SANDBOXING" = "NO"; }; };
F75109BEB4DD8800DA6B45F8 = { isa = PBXNativeTarget; name = DevelopmentTitle; productName = DevelopmentTitle; productReference = 4E783A9E10D2A8ABA38CD11C; productType = "com.apple.product-type.application"; buildConfigurationList = 268D2D29669C504AD910B275; buildPhases = (CC834BECCE54E9D46224B49F, 949D493B91791558E87BC5D7, BD92572B49AC16A86614498D, 8ECC8B5D05B79F879ACDF1A2,); buildRules = (); dependencies = (); packageProductDependencies = (0C7F1FEF6A37E4FEBC6AE8C0, FF7347E67FD0DD94E6966BB7, 5096D5969136DA50476512A9,); };
F890C5CB46726687B275399D = { isa = PBXBuildFile; fileRef = 6A968D4B213A367F65C6FFD9; };
F8975E934DA2067E0E497395 = { isa = XCBuildConfiguration; name = Debug; buildSettings = { "SWIFT_VERSION" = "5.0"; "IPHONEOS_DEPLOYMENT_TARGET" = "18.0"; "SDKROOT" = "iphoneos"; "SUPPORTED_PLATFORMS" = "iphoneos iphonesimulator"; "TARGETED_DEVICE_FAMILY" = "1,2"; "SUPPORTS_MACCATALYST" = "NO"; "SUPPORTS_MAC_DESIGNED_FOR_IPHONE_IPAD" = "NO"; "SUPPORTS_XR_DESIGNED_FOR_IPHONE_IPAD" = "NO"; "CLANG_ENABLE_MODULES" = "YES"; "SWIFT_OPTIMIZATION_LEVEL" = "-Onone"; "DEBUG_INFORMATION_FORMAT" = "dwarf"; "SWIFT_ACTIVE_COMPILATION_CONDITIONS" = "DEBUG"; "ENABLE_TESTABILITY" = "YES"; "CODE_SIGN_STYLE" = "Automatic"; "PRODUCT_NAME" = "$(TARGET_NAME)"; "PRODUCT_BUNDLE_IDENTIFIER" = "local.gamecore.DevelopmentTitle"; "GENERATE_INFOPLIST_FILE" = "YES"; "INFOPLIST_FILE" = "Games/DevelopmentTitle/Info.plist"; "INFOPLIST_KEY_CFBundleDisplayName" = "Development Title"; "INFOPLIST_KEY_UILaunchScreen_Generation" = "YES"; "INFOPLIST_KEY_UISupportedInterfaceOrientations" = "UIInterfaceOrientationPortrait UIInterfaceOrientationLandscapeLeft UIInterfaceOrientationLandscapeRight"; "INFOPLIST_KEY_UISupportedInterfaceOrientations_iPad" = "UIInterfaceOrientationPortrait UIInterfaceOrientationPortraitUpsideDown UIInterfaceOrientationLandscapeLeft UIInterfaceOrientationLandscapeRight"; "MARKETING_VERSION" = "0.0.1"; "CURRENT_PROJECT_VERSION" = "1"; "ENABLE_USER_SCRIPT_SANDBOXING" = "NO"; }; };
F9ACDEB529017EFC18F5E60A = { isa = PBXSourcesBuildPhase; buildActionMask = 2147483647; files = (CF2F09F61FB98F6DDAC37197,); runOnlyForDeploymentPostprocessing = 0; };
FBDC4F23F93125BBEEAE800C = { isa = PBXGroup; name = Products; sourceTree = "<group>"; children = (4E783A9E10D2A8ABA38CD11C, 6C7CCDEB3609F1FAA874E941, 198AA8EA2A3A4B5640AEA2BE,); };
FE3E89E6FC476B86B07C8A3A = { isa = PBXFileReference; lastKnownFileType = sourcecode.swift; path = "Tests/DevelopmentTitleUITests/DevelopmentTitleUITests.swift"; sourceTree = SOURCE_ROOT; };
FF7347E67FD0DD94E6966BB7 = { isa = XCSwiftPackageProductDependency; package = 57A664780A8DA7C7A474E508; productName = GamePlatform; };
}; rootObject = 98F54143AB4E86B28C3AFEE0; }
