<?xml version="1.0" encoding="UTF-8"?>
<Scheme LastUpgradeVersion="2700" version="1.3"><BuildAction parallelizeBuildables="YES" buildImplicitDependencies="YES"><BuildActionEntries><BuildActionEntry buildForTesting="YES" buildForRunning="YES" buildForProfiling="NO" buildForArchiving="YES" buildForAnalyzing="YES"><BuildableReference BuildableIdentifier="primary" BlueprintIdentifier="9837E12055928B35F2791707" BuildableName="GridSeam.app" BlueprintName="GridSeam" ReferencedContainer="container:ModuleSeam.xcodeproj"/></BuildActionEntry><BuildActionEntry buildForTesting="YES" buildForRunning="NO" buildForProfiling="NO" buildForArchiving="NO" buildForAnalyzing="YES"><BuildableReference BuildableIdentifier="primary" BlueprintIdentifier="0246D30B487426AD6AEDF7DA" BuildableName="GridSeamTests.xctest" BlueprintName="GridSeamTests" ReferencedContainer="container:ModuleSeam.xcodeproj"/></BuildActionEntry><BuildActionEntry buildForTesting="YES" buildForRunning="NO" buildForProfiling="NO" buildForArchiving="NO" buildForAnalyzing="YES"><BuildableReference BuildableIdentifier="primary" BlueprintIdentifier="34560D3E23A17CA29483339B" BuildableName="GridSeamUITests.xctest" BlueprintName="GridSeamUITests" ReferencedContainer="container:ModuleSeam.xcodeproj"/></BuildActionEntry></BuildActionEntries></BuildAction><TestAction buildConfiguration="Debug" selectedDebuggerIdentifier="Xcode.DebuggerFoundation.Debugger.LLDB" selectedLauncherIdentifier="Xcode.IDEFoundation.Launcher.LLDB" shouldUseLaunchSchemeArgsEnv="YES"><Testables><TestableReference skipped="NO"><BuildableReference BuildableIdentifier="primary" BlueprintIdentifier="0246D30B487426AD6AEDF7DA" BuildableName="GridSeamTests.xctest" BlueprintName="GridSeamTests" ReferencedContainer="container:ModuleSeam.xcodeproj"/></TestableReference><TestableReference skipped="NO"><BuildableReference BuildableIdentifier="primary" BlueprintIdentifier="34560D3E23A17CA29483339B" BuildableName="GridSeamUITests.xctest" BlueprintName="GridSeamUITests" ReferencedContainer="container:ModuleSeam.xcodeproj"/></TestableReference></Testables></TestAction><LaunchAction buildConfiguration="Debug" selectedDebuggerIdentifier="Xcode.DebuggerFoundation.Debugger.LLDB" selectedLauncherIdentifier="Xcode.IDEFoundation.Launcher.LLDB" launchStyle="0" useCustomWorkingDirectory="NO" ignoresPersistentStateOnLaunch="NO" debugDocumentVersioning="YES" debugServiceExtension="internal" allowLocationSimulation="NO"><BuildableProductRunnable runnableDebuggingMode="0"><BuildableReference BuildableIdentifier="primary" BlueprintIdentifier="9837E12055928B35F2791707" BuildableName="GridSeam.app" BlueprintName="GridSeam" ReferencedContainer="container:ModuleSeam.xcodeproj"/></BuildableProductRunnable></LaunchAction><AnalyzeAction buildConfiguration="Debug"/><ArchiveAction buildConfiguration="Release" revealArchiveInOrganizer="YES"/></Scheme>
