// !$*UTF8*$!
{ archiveVersion = 1; classes = {}; objectVersion = 56; objects = {
01DCF802A8EC4BC5B5AEE9D9 = { isa = XCBuildConfiguration; name = Release; buildSettings = { "SWIFT_VERSION" = "5.0"; "IPHONEOS_DEPLOYMENT_TARGET" = "18.0"; "SDKROOT" = "iphoneos"; "SUPPORTED_PLATFORMS" = "iphoneos iphonesimulator"; "TARGETED_DEVICE_FAMILY" = "1,2"; "SUPPORTS_MACCATALYST" = "NO"; "CLANG_ENABLE_MODULES" = "YES"; "CODE_SIGN_STYLE" = "Automatic"; "SWIFT_OPTIMIZATION_LEVEL" = "-O"; "ENABLE_TESTABILITY" = "NO"; "SWIFT_ACTIVE_COMPILATION_CONDITIONS" = " GRID_MODULE"; "PRODUCT_NAME" = "$(TARGET_NAME)"; "PRODUCT_BUNDLE_IDENTIFIER" = "local.gamecore.GridSeam"; "GENERATE_INFOPLIST_FILE" = "YES"; "INFOPLIST_KEY_UIApplicationSceneManifest_Generation" = "YES"; "INFOPLIST_KEY_UILaunchScreen_Generation" = "YES"; "INFOPLIST_KEY_UISupportedInterfaceOrientations" = "UIInterfaceOrientationPortrait UIInterfaceOrientationLandscapeLeft UIInterfaceOrientationLandscapeRight"; "MARKETING_VERSION" = "0.0.1"; "CURRENT_PROJECT_VERSION" = "1"; }; };
0246D30B487426AD6AEDF7DA = { isa = PBXNativeTarget; name = GridSeamTests; productName = GridSeamTests; productReference = 49FF3EF1564EF7A103437191; productType = "com.apple.product-type.bundle.unit-test"; buildConfigurationList = 6C5066D2AC512D520A22C712; buildPhases = (85EA0397A6FE73E1F8554D0F, E39CF0F342D483128D66A473, 90E3551991F41F2C304F8E52,); buildRules = (); dependencies = (31A84C7BA75ADA70E50DF02B,); packageProductDependencies = (0DA6EF28F4C46D58EC51A791, 9FF6E6B7B0B689F6E26C7761, 2C3A33FE2073BCA511C7BBD7,); };
0CEF7A47C0DEE10681295D41 = { isa = PBXContainerItemProxy; containerPortal = 98F54143AB4E86B28C3AFEE0; proxyType = 1; remoteGlobalIDString = 9837E12055928B35F2791707; remoteInfo = GridSeam; };
0CFF3996BA0F66F79412A550 = { isa = PBXBuildFile; productRef = 2C3A33FE2073BCA511C7BBD7; };
0DA11EE47950EEC2124C73D4 = { isa = XCBuildConfiguration; name = Release; buildSettings = { "SWIFT_VERSION" = "5.0"; "IPHONEOS_DEPLOYMENT_TARGET" = "18.0"; "SDKROOT" = "iphoneos"; "SUPPORTED_PLATFORMS" = "iphoneos iphonesimulator"; "TARGETED_DEVICE_FAMILY" = "1,2"; "SUPPORTS_MACCATALYST" = "NO"; "CLANG_ENABLE_MODULES" = "YES"; "CODE_SIGN_STYLE" = "Automatic"; "SWIFT_OPTIMIZATION_LEVEL" = "-O"; "ENABLE_TESTABILITY" = "NO"; "SWIFT_ACTIVE_COMPILATION_CONDITIONS" = " GRID_MODULE"; "PRODUCT_NAME" = "$(TARGET_NAME)"; "PRODUCT_BUNDLE_IDENTIFIER" = "local.gamecore.GridSeamUITests"; "GENERATE_INFOPLIST_FILE" = "YES"; "TEST_TARGET_NAME" = "GridSeam"; }; };
0DA6EF28F4C46D58EC51A791 = { isa = XCSwiftPackageProductDependency; package = 9AF538D9ABEA775FA9885148; productName = GameCore; };
0F0150389499A048E9A163A3 = { isa = PBXResourcesBuildPhase; buildActionMask = 2147483647; files = (); runOnlyForDeploymentPostprocessing = 0; };
130EA5F9D0F979D65DDC2274 = { isa = PBXFileReference; lastKnownFileType = sourcecode.swift; path = "Sources/Terrain/TerrainModule.swift"; sourceTree = SOURCE_ROOT; };
155698E88381221D2CE3A177 = { isa = XCLocalSwiftPackageReference; relativePath = "../../Games/DevelopmentContent"; };
1947A855FFF9B60F42E66ECC = { isa = PBXBuildFile; productRef = 0DA6EF28F4C46D58EC51A791; };
20EEAC959E34E9C222887B0C = { isa = PBXSourcesBuildPhase; buildActionMask = 2147483647; files = (7336055273DEDCA94FA4FB3A,); runOnlyForDeploymentPostprocessing = 0; };
222B22A3E28B29702645976A = { isa = PBXFrameworksBuildPhase; buildActionMask = 2147483647; files = (); runOnlyForDeploymentPostprocessing = 0; };
2763F3B86399A2AEB343337F = { isa = PBXFileReference; explicitFileType = wrapper.cfbundle; path = GridSeamUITests.xctest; sourceTree = BUILT_PRODUCTS_DIR; };
295464E6A88CF70189E12E75 = { isa = PBXResourcesBuildPhase; buildActionMask = 2147483647; files = (); runOnlyForDeploymentPostprocessing = 0; };
2A50B4D873171325E8E1BDBE = { isa = PBXBuildFile; fileRef = A5ACDEAB7538EF5D8D5C2218; };
2C3A33FE2073BCA511C7BBD7 = { isa = XCSwiftPackageProductDependency; package = 155698E88381221D2CE3A177; productName = DevelopmentContent; };
2C8BE4C4EF505A2A40F0B23F = { isa = PBXFileReference; explicitFileType = wrapper.cfbundle; path = TerrainSeamUITests.xctest; sourceTree = BUILT_PRODUCTS_DIR; };
2CD084B920C3D6561DC830E1 = { isa = XCBuildConfiguration; name = Release; buildSettings = { "SWIFT_VERSION" = "5.0"; "IPHONEOS_DEPLOYMENT_TARGET" = "18.0"; "SDKROOT" = "iphoneos"; "SUPPORTED_PLATFORMS" = "iphoneos iphonesimulator"; "TARGETED_DEVICE_FAMILY" = "1,2"; "SUPPORTS_MACCATALYST" = "NO"; "CLANG_ENABLE_MODULES" = "YES"; "CODE_SIGN_STYLE" = "Automatic"; "SWIFT_OPTIMIZATION_LEVEL" = "-O"; "ENABLE_TESTABILITY" = "NO"; "SWIFT_ACTIVE_COMPILATION_CONDITIONS" = ""; "PRODUCT_NAME" = "$(TARGET_NAME)"; "PRODUCT_BUNDLE_IDENTIFIER" = "local.gamecore.TerrainSeamUITests"; "GENERATE_INFOPLIST_FILE" = "YES"; "TEST_TARGET_NAME" = "TerrainSeam"; }; };
2F0DC00ECD2A87F54032C032 = { isa = PBXBuildFile; fileRef = BAB71600E82453644441E309; };
31A84C7BA75ADA70E50DF02B = { isa = PBXTargetDependency; target = 9837E12055928B35F2791707; targetProxy = 0CEF7A47C0DEE10681295D41; };
34560D3E23A17CA29483339B = { isa = PBXNativeTarget; name = GridSeamUITests; productName = GridSeamUITests; productReference = 2763F3B86399A2AEB343337F; productType = "com.apple.product-type.bundle.ui-testing"; buildConfigurationList = C859B6B7C4223176BCEE6717; buildPhases = (20EEAC959E34E9C222887B0C, 222B22A3E28B29702645976A, 7A755139234BD9064A1F0D74,); buildRules = (); dependencies = (31A84C7BA75ADA70E50DF02B,); packageProductDependencies = (); };
34E4373982AA82ECD93CD50C = { isa = PBXBuildFile; fileRef = BAB71600E82453644441E309; };
35AA9C36A5CAE54FA48A10B2 = { isa = PBXNativeTarget; name = TerrainSeamTests; productName = TerrainSeamTests; productReference = 723543B3840E447F09E1A967; productType = "com.apple.product-type.bundle.unit-test"; buildConfigurationList = E81DCC4F92C4343C6ECFC598; buildPhases = (AE61B58E81609AFA73E06DF7, E31D85669438EC498130C745, B7963F0DC1D6CCD9707E6257,); buildRules = (); dependencies = (EB72E736697C17D88AFE6154,); packageProductDependencies = (0DA6EF28F4C46D58EC51A791, 9FF6E6B7B0B689F6E26C7761, 2C3A33FE2073BCA511C7BBD7,); };
403DB3287CCD6214D2498A6F = { isa = XCBuildConfiguration; name = Debug; buildSettings = { "SWIFT_VERSION" = "5.0"; "IPHONEOS_DEPLOYMENT_TARGET" = "18.0"; "SDKROOT" = "iphoneos"; "SUPPORTED_PLATFORMS" = "iphoneos iphonesimulator"; "TARGETED_DEVICE_FAMILY" = "1,2"; "SUPPORTS_MACCATALYST" = "NO"; "CLANG_ENABLE_MODULES" = "YES"; "CODE_SIGN_STYLE" = "Automatic"; "SWIFT_OPTIMIZATION_LEVEL" = "-Onone"; "ENABLE_TESTABILITY" = "YES"; "SWIFT_ACTIVE_COMPILATION_CONDITIONS" = "DEBUG  GRID_MODULE"; "PRODUCT_NAME" = "$(TARGET_NAME)"; "PRODUCT_BUNDLE_IDENTIFIER" = "local.gamecore.GridSeamUITests"; "GENERATE_INFOPLIST_FILE" = "YES"; "TEST_TARGET_NAME" = "GridSeam"; }; };
407CB25C61BA7A9F41C7A153 = { isa = PBXBuildFile; fileRef = A3EA35EF034B44C762CE400D; };
41E5EA83122DBD445378A311 = { isa = PBXBuildFile; fileRef = A5ACDEAB7538EF5D8D5C2218; };
4235BFC4ADD309AA9DBE2321 = { isa = PBXBuildFile; productRef = 2C3A33FE2073BCA511C7BBD7; };
43E155888270A1C0F5396AF0 = { isa = PBXBuildFile; productRef = 0DA6EF28F4C46D58EC51A791; };
445032BE96E425DFDA7102BC = { isa = PBXBuildFile; fileRef = A3EA35EF034B44C762CE400D; };
482D597DEBE0F91D3ECCA595 = { isa = PBXContainerItemProxy; containerPortal = 98F54143AB4E86B28C3AFEE0; proxyType = 1; remoteGlobalIDString = A4EDF650FBF8F4A4CB6FE82F; remoteInfo = TerrainSeam; };
49C9074F499F8E45B25EA0B0 = { isa = XCLocalSwiftPackageReference; relativePath = "../../Packages/GamePlatform"; };
49FF3EF1564EF7A103437191 = { isa = PBXFileReference; explicitFileType = wrapper.cfbundle; path = GridSeamTests.xctest; sourceTree = BUILT_PRODUCTS_DIR; };
4EFA300725DA320723D57DA6 = { isa = PBXSourcesBuildPhase; buildActionMask = 2147483647; files = (D35B8925289D2D00BD739003,); runOnlyForDeploymentPostprocessing = 0; };
5A80E5B77095FBAFE009B314 = { isa = PBXBuildFile; productRef = 2C3A33FE2073BCA511C7BBD7; };
62EC77C3040DE4F23C080496 = { isa = PBXFileReference; lastKnownFileType = sourcecode.swift; path = "UITests/ModuleSeamUITests.swift"; sourceTree = SOURCE_ROOT; };
64292B1C2B2E13EAD8788FC8 = { isa = PBXGroup; sourceTree = "<group>"; children = (C46A650519CFDBCD55000852, A5ACDEAB7538EF5D8D5C2218, 901A0BCBB482B04002D702AB, A3EA35EF034B44C762CE400D, BAB71600E82453644441E309, D4ECD91282D949EA8CFBD002, 7026C76342AA2C4B1FACB253, 62EC77C3040DE4F23C080496, 130EA5F9D0F979D65DDC2274, FBDC4F23F93125BBEEAE800C,); };
644A82FCD78BA3D47008D9BF = { isa = XCBuildConfiguration; name = Release; buildSettings = { "SWIFT_VERSION" = "5.0"; "IPHONEOS_DEPLOYMENT_TARGET" = "18.0"; "SDKROOT" = "iphoneos"; "SUPPORTED_PLATFORMS" = "iphoneos iphonesimulator"; "TARGETED_DEVICE_FAMILY" = "1,2"; "SUPPORTS_MACCATALYST" = "NO"; "CLANG_ENABLE_MODULES" = "YES"; "CODE_SIGN_STYLE" = "Automatic"; "SWIFT_OPTIMIZATION_LEVEL" = "-O"; "ENABLE_TESTABILITY" = "NO"; "SWIFT_ACTIVE_COMPILATION_CONDITIONS" = ""; "PRODUCT_NAME" = "$(TARGET_NAME)"; "PRODUCT_BUNDLE_IDENTIFIER" = "local.gamecore.TerrainSeam"; "GENERATE_INFOPLIST_FILE" = "YES"; "INFOPLIST_KEY_UIApplicationSceneManifest_Generation" = "YES"; "INFOPLIST_KEY_UILaunchScreen_Generation" = "YES"; "INFOPLIST_KEY_UISupportedInterfaceOrientations" = "UIInterfaceOrientationPortrait UIInterfaceOrientationLandscapeLeft UIInterfaceOrientationLandscapeRight"; "MARKETING_VERSION" = "0.0.1"; "CURRENT_PROJECT_VERSION" = "1"; }; };
6C5066D2AC512D520A22C712 = { isa = XCConfigurationList; buildConfigurations = (79BD9A2645B5AAEFFC60A36F, E43D8A77D1437804B64D6655,); defaultConfigurationIsVisible = 0; defaultConfigurationName = Release; };
7026C76342AA2C4B1FACB253 = { isa = PBXFileReference; lastKnownFileType = sourcecode.swift; path = "Tests/ModuleSeamTests.swift"; sourceTree = SOURCE_ROOT; };
723543B3840E447F09E1A967 = { isa = PBXFileReference; explicitFileType = wrapper.cfbundle; path = TerrainSeamTests.xctest; sourceTree = BUILT_PRODUCTS_DIR; };
7336055273DEDCA94FA4FB3A = { isa = PBXBuildFile; fileRef = 62EC77C3040DE4F23C080496; };
77687DBA279B607245CFEA64 = { isa = XCBuildConfiguration; name = Debug; buildSettings = { "SWIFT_VERSION" = "5.0"; "IPHONEOS_DEPLOYMENT_TARGET" = "18.0"; "SDKROOT" = "iphoneos"; "SUPPORTED_PLATFORMS" = "iphoneos iphonesimulator"; "TARGETED_DEVICE_FAMILY" = "1,2"; "SUPPORTS_MACCATALYST" = "NO"; "CLANG_ENABLE_MODULES" = "YES"; "CODE_SIGN_STYLE" = "Automatic"; "SWIFT_OPTIMIZATION_LEVEL" = "-Onone"; "ENABLE_TESTABILITY" = "YES"; "SWIFT_ACTIVE_COMPILATION_CONDITIONS" = "DEBUG "; "PRODUCT_NAME" = "$(TARGET_NAME)"; "PRODUCT_BUNDLE_IDENTIFIER" = "local.gamecore.TerrainSeam"; "GENERATE_INFOPLIST_FILE" = "YES"; "INFOPLIST_KEY_UIApplicationSceneManifest_Generation" = "YES"; "INFOPLIST_KEY_UILaunchScreen_Generation" = "YES"; "INFOPLIST_KEY_UISupportedInterfaceOrientations" = "UIInterfaceOrientationPortrait UIInterfaceOrientationLandscapeLeft UIInterfaceOrientationLandscapeRight"; "MARKETING_VERSION" = "0.0.1"; "CURRENT_PROJECT_VERSION" = "1"; }; };
79BD9A2645B5AAEFFC60A36F = { isa = XCBuildConfiguration; name = Debug; buildSettings = { "SWIFT_VERSION" = "5.0"; "IPHONEOS_DEPLOYMENT_TARGET" = "18.0"; "SDKROOT" = "iphoneos"; "SUPPORTED_PLATFORMS" = "iphoneos iphonesimulator"; "TARGETED_DEVICE_FAMILY" = "1,2"; "SUPPORTS_MACCATALYST" = "NO"; "CLANG_ENABLE_MODULES" = "YES"; "CODE_SIGN_STYLE" = "Automatic"; "SWIFT_OPTIMIZATION_LEVEL" = "-Onone"; "ENABLE_TESTABILITY" = "YES"; "SWIFT_ACTIVE_COMPILATION_CONDITIONS" = "DEBUG  GRID_MODULE"; "PRODUCT_NAME" = "$(TARGET_NAME)"; "PRODUCT_BUNDLE_IDENTIFIER" = "local.gamecore.GridSeamTests"; "GENERATE_INFOPLIST_FILE" = "YES"; "TEST_HOST" = "$(BUILT_PRODUCTS_DIR)/GridSeam.app/GridSeam"; "BUNDLE_LOADER" = "$(TEST_HOST)"; }; };
7A755139234BD9064A1F0D74 = { isa = PBXResourcesBuildPhase; buildActionMask = 2147483647; files = (); runOnlyForDeploymentPostprocessing = 0; };
7C3E3BB30E38C54260E5EA87 = { isa = PBXSourcesBuildPhase; buildActionMask = 2147483647; files = (E26484A20693BD27CF130320, 41E5EA83122DBD445378A311, A0B21AB9845BDDDF09538D60, 445032BE96E425DFDA7102BC, 34E4373982AA82ECD93CD50C, 9B765103B3F67D5DC97D3D42,); runOnlyForDeploymentPostprocessing = 0; };
7D6DEC12FED62AACB9AB8D00 = { isa = XCBuildConfiguration; name = Debug; buildSettings = { "SWIFT_VERSION" = "5.0"; "IPHONEOS_DEPLOYMENT_TARGET" = "18.0"; "SDKROOT" = "iphoneos"; "SUPPORTED_PLATFORMS" = "iphoneos iphonesimulator"; "TARGETED_DEVICE_FAMILY" = "1,2"; "SUPPORTS_MACCATALYST" = "NO"; "CLANG_ENABLE_MODULES" = "YES"; "CODE_SIGN_STYLE" = "Automatic"; "SWIFT_OPTIMIZATION_LEVEL" = "-Onone"; "ENABLE_TESTABILITY" = "YES"; "SWIFT_ACTIVE_COMPILATION_CONDITIONS" = "DEBUG "; "PRODUCT_NAME" = "$(TARGET_NAME)"; "PRODUCT_BUNDLE_IDENTIFIER" = "local.gamecore.TerrainSeamUITests"; "GENERATE_INFOPLIST_FILE" = "YES"; "TEST_TARGET_NAME" = "TerrainSeam"; }; };
7E7DF5B2118BE3B1C066A0E7 = { isa = PBXResourcesBuildPhase; buildActionMask = 2147483647; files = (); runOnlyForDeploymentPostprocessing = 0; };
85EA0397A6FE73E1F8554D0F = { isa = PBXSourcesBuildPhase; buildActionMask = 2147483647; files = (C5E93651DB09320318701A82,); runOnlyForDeploymentPostprocessing = 0; };
862894B703A6DEDF96A9DD6C = { isa = XCConfigurationList; buildConfigurations = (89E1FD6268CC0F221A2BE178, E6DE6C99132752C914FEF632,); defaultConfigurationIsVisible = 0; defaultConfigurationName = Release; };
89120EB5FA19FC05AE70AFBB = { isa = PBXFrameworksBuildPhase; buildActionMask = 2147483647; files = (43E155888270A1C0F5396AF0, E18DC692309F347605454BF0, 0CFF3996BA0F66F79412A550,); runOnlyForDeploymentPostprocessing = 0; };
89E1FD6268CC0F221A2BE178 = { isa = XCBuildConfiguration; name = Debug; buildSettings = { "SWIFT_VERSION" = "5.0"; "IPHONEOS_DEPLOYMENT_TARGET" = "18.0"; "SDKROOT" = "iphoneos"; "SUPPORTED_PLATFORMS" = "iphoneos iphonesimulator"; "TARGETED_DEVICE_FAMILY" = "1,2"; "SUPPORTS_MACCATALYST" = "NO"; "CLANG_ENABLE_MODULES" = "YES"; "CODE_SIGN_STYLE" = "Automatic"; "SWIFT_OPTIMIZATION_LEVEL" = "-Onone"; "ENABLE_TESTABILITY" = "YES"; "SWIFT_ACTIVE_COMPILATION_CONDITIONS" = "DEBUG "; }; };
901A0BCBB482B04002D702AB = { isa = PBXFileReference; lastKnownFileType = sourcecode.swift; path = "Sources/App/ModuleSeamApp.swift"; sourceTree = SOURCE_ROOT; };
90E3551991F41F2C304F8E52 = { isa = PBXResourcesBuildPhase; buildActionMask = 2147483647; files = (); runOnlyForDeploymentPostprocessing = 0; };
9229445381FF3CF9658797A3 = { isa = PBXBuildFile; productRef = 0DA6EF28F4C46D58EC51A791; };
9837E12055928B35F2791707 = { isa = PBXNativeTarget; name = GridSeam; productName = GridSeam; productReference = B322E2561ADFDCBD13CB2860; productType = "com.apple.product-type.application"; buildConfigurationList = FE5239E97D7C21EE09FAAFE6; buildPhases = (F8B10A4E5C60F2CFCDD5C0F0, 89120EB5FA19FC05AE70AFBB, 7E7DF5B2118BE3B1C066A0E7,); buildRules = (); dependencies = (); packageProductDependencies = (0DA6EF28F4C46D58EC51A791, 9FF6E6B7B0B689F6E26C7761, 2C3A33FE2073BCA511C7BBD7,); };
98F54143AB4E86B28C3AFEE0 = { isa = PBXProject; attributes = { LastUpgradeCheck = 2700; TargetAttributes = { 0246D30B487426AD6AEDF7DA = { TestTargetID = 9837E12055928B35F2791707; }; 34560D3E23A17CA29483339B = { TestTargetID = 9837E12055928B35F2791707; }; 35AA9C36A5CAE54FA48A10B2 = { TestTargetID = A4EDF650FBF8F4A4CB6FE82F; }; E8543EA9B267BA809091D14B = { TestTargetID = A4EDF650FBF8F4A4CB6FE82F; }; }; }; buildConfigurationList = 862894B703A6DEDF96A9DD6C; compatibilityVersion = "Xcode 14.0"; developmentRegion = en; hasScannedForEncodings = 0; knownRegions = (en, Base); mainGroup = 64292B1C2B2E13EAD8788FC8; productRefGroup = FBDC4F23F93125BBEEAE800C; projectDirPath = ""; projectRoot = ""; packageReferences = (9AF538D9ABEA775FA9885148, 49C9074F499F8E45B25EA0B0, 155698E88381221D2CE3A177,); targets = (9837E12055928B35F2791707, 0246D30B487426AD6AEDF7DA, 34560D3E23A17CA29483339B, A4EDF650FBF8F4A4CB6FE82F, 35AA9C36A5CAE54FA48A10B2, E8543EA9B267BA809091D14B,); };
99F22B6A57E58F85D47BEAC7 = { isa = XCBuildConfiguration; name = Debug; buildSettings = { "SWIFT_VERSION" = "5.0"; "IPHONEOS_DEPLOYMENT_TARGET" = "18.0"; "SDKROOT" = "iphoneos"; "SUPPORTED_PLATFORMS" = "iphoneos iphonesimulator"; "TARGETED_DEVICE_FAMILY" = "1,2"; "SUPPORTS_MACCATALYST" = "NO"; "CLANG_ENABLE_MODULES" = "YES"; "CODE_SIGN_STYLE" = "Automatic"; "SWIFT_OPTIMIZATION_LEVEL" = "-Onone"; "ENABLE_TESTABILITY" = "YES"; "SWIFT_ACTIVE_COMPILATION_CONDITIONS" = "DEBUG "; "PRODUCT_NAME" = "$(TARGET_NAME)"; "PRODUCT_BUNDLE_IDENTIFIER" = "local.gamecore.TerrainSeamTests"; "GENERATE_INFOPLIST_FILE" = "YES"; "TEST_HOST" = "$(BUILT_PRODUCTS_DIR)/TerrainSeam.app/TerrainSeam"; "BUNDLE_LOADER" = "$(TEST_HOST)"; }; };
9AF538D9ABEA775FA9885148 = { isa = XCLocalSwiftPackageReference; relativePath = "../../Packages/GameCore"; };
9B765103B3F67D5DC97D3D42 = { isa = PBXBuildFile; fileRef = 130EA5F9D0F979D65DDC2274; };
9D0CC7892D538F39101E3CF2 = { isa = XCBuildConfiguration; name = Debug; buildSettings = { "SWIFT_VERSION" = "5.0"; "IPHONEOS_DEPLOYMENT_TARGET" = "18.0"; "SDKROOT" = "iphoneos"; "SUPPORTED_PLATFORMS" = "iphoneos iphonesimulator"; "TARGETED_DEVICE_FAMILY" = "1,2"; "SUPPORTS_MACCATALYST" = "NO"; "CLANG_ENABLE_MODULES" = "YES"; "CODE_SIGN_STYLE" = "Automatic"; "SWIFT_OPTIMIZATION_LEVEL" = "-Onone"; "ENABLE_TESTABILITY" = "YES"; "SWIFT_ACTIVE_COMPILATION_CONDITIONS" = "DEBUG  GRID_MODULE"; "PRODUCT_NAME" = "$(TARGET_NAME)"; "PRODUCT_BUNDLE_IDENTIFIER" = "local.gamecore.GridSeam"; "GENERATE_INFOPLIST_FILE" = "YES"; "INFOPLIST_KEY_UIApplicationSceneManifest_Generation" = "YES"; "INFOPLIST_KEY_UILaunchScreen_Generation" = "YES"; "INFOPLIST_KEY_UISupportedInterfaceOrientations" = "UIInterfaceOrientationPortrait UIInterfaceOrientationLandscapeLeft UIInterfaceOrientationLandscapeRight"; "MARKETING_VERSION" = "0.0.1"; "CURRENT_PROJECT_VERSION" = "1"; }; };
9FF6E6B7B0B689F6E26C7761 = { isa = XCSwiftPackageProductDependency; package = 49C9074F499F8E45B25EA0B0; productName = GamePlatform; };
A0B21AB9845BDDDF09538D60 = { isa = PBXBuildFile; fileRef = 901A0BCBB482B04002D702AB; };
A0D975F929C3402DDC5C24C8 = { isa = XCBuildConfiguration; name = Release; buildSettings = { "SWIFT_VERSION" = "5.0"; "IPHONEOS_DEPLOYMENT_TARGET" = "18.0"; "SDKROOT" = "iphoneos"; "SUPPORTED_PLATFORMS" = "iphoneos iphonesimulator"; "TARGETED_DEVICE_FAMILY" = "1,2"; "SUPPORTS_MACCATALYST" = "NO"; "CLANG_ENABLE_MODULES" = "YES"; "CODE_SIGN_STYLE" = "Automatic"; "SWIFT_OPTIMIZATION_LEVEL" = "-O"; "ENABLE_TESTABILITY" = "NO"; "SWIFT_ACTIVE_COMPILATION_CONDITIONS" = ""; "PRODUCT_NAME" = "$(TARGET_NAME)"; "PRODUCT_BUNDLE_IDENTIFIER" = "local.gamecore.TerrainSeamTests"; "GENERATE_INFOPLIST_FILE" = "YES"; "TEST_HOST" = "$(BUILT_PRODUCTS_DIR)/TerrainSeam.app/TerrainSeam"; "BUNDLE_LOADER" = "$(TEST_HOST)"; }; };
A0ECA78EF76A6326775EBF66 = { isa = PBXBuildFile; productRef = 9FF6E6B7B0B689F6E26C7761; };
A23FBBE8A36357C6E718C6BF = { isa = PBXBuildFile; fileRef = 901A0BCBB482B04002D702AB; };
A3EA35EF034B44C762CE400D = { isa = PBXFileReference; lastKnownFileType = sourcecode.swift; path = "Sources/Contract/GameModule.swift"; sourceTree = SOURCE_ROOT; };
A41ECEFF08987397C6017A01 = { isa = PBXBuildFile; productRef = 9FF6E6B7B0B689F6E26C7761; };
A4EDF650FBF8F4A4CB6FE82F = { isa = PBXNativeTarget; name = TerrainSeam; productName = TerrainSeam; productReference = DAD2915D2DF07BF78284993F; productType = "com.apple.product-type.application"; buildConfigurationList = B8DCC95F6FD9D2BD1A2FC8AA; buildPhases = (7C3E3BB30E38C54260E5EA87, B2B2453D658934ACB73782D9, 0F0150389499A048E9A163A3,); buildRules = (); dependencies = (); packageProductDependencies = (0DA6EF28F4C46D58EC51A791, 9FF6E6B7B0B689F6E26C7761, 2C3A33FE2073BCA511C7BBD7,); };
A5ACDEAB7538EF5D8D5C2218 = { isa = PBXFileReference; lastKnownFileType = sourcecode.swift; path = "Sources/App/ModuleHost.swift"; sourceTree = SOURCE_ROOT; };
AE61B58E81609AFA73E06DF7 = { isa = PBXSourcesBuildPhase; buildActionMask = 2147483647; files = (B27AF76BBAA254638D2B476E,); runOnlyForDeploymentPostprocessing = 0; };
B27AF76BBAA254638D2B476E = { isa = PBXBuildFile; fileRef = 7026C76342AA2C4B1FACB253; };
B2B2453D658934ACB73782D9 = { isa = PBXFrameworksBuildPhase; buildActionMask = 2147483647; files = (D25553C7C31F3CB88E88B233, BC09637194E9435096882CD6, 5A80E5B77095FBAFE009B314,); runOnlyForDeploymentPostprocessing = 0; };
B322E2561ADFDCBD13CB2860 = { isa = PBXFileReference; explicitFileType = wrapper.application; path = GridSeam.app; sourceTree = BUILT_PRODUCTS_DIR; };
B7963F0DC1D6CCD9707E6257 = { isa = PBXResourcesBuildPhase; buildActionMask = 2147483647; files = (); runOnlyForDeploymentPostprocessing = 0; };
B8DCC95F6FD9D2BD1A2FC8AA = { isa = XCConfigurationList; buildConfigurations = (77687DBA279B607245CFEA64, 644A82FCD78BA3D47008D9BF,); defaultConfigurationIsVisible = 0; defaultConfigurationName = Release; };
BAB71600E82453644441E309 = { isa = PBXFileReference; lastKnownFileType = sourcecode.swift; path = "Sources/Contract/RuleSession.swift"; sourceTree = SOURCE_ROOT; };
BC09637194E9435096882CD6 = { isa = PBXBuildFile; productRef = 9FF6E6B7B0B689F6E26C7761; };
C46A650519CFDBCD55000852 = { isa = PBXFileReference; lastKnownFileType = sourcecode.swift; path = "Sources/App/ModuleFixture.swift"; sourceTree = SOURCE_ROOT; };
C5E93651DB09320318701A82 = { isa = PBXBuildFile; fileRef = 7026C76342AA2C4B1FACB253; };
C859B6B7C4223176BCEE6717 = { isa = XCConfigurationList; buildConfigurations = (403DB3287CCD6214D2498A6F, 0DA11EE47950EEC2124C73D4,); defaultConfigurationIsVisible = 0; defaultConfigurationName = Release; };
CB95B8145E8CCD5FD516E890 = { isa = PBXBuildFile; fileRef = D4ECD91282D949EA8CFBD002; };
D25553C7C31F3CB88E88B233 = { isa = PBXBuildFile; productRef = 0DA6EF28F4C46D58EC51A791; };
D35B8925289D2D00BD739003 = { isa = PBXBuildFile; fileRef = 62EC77C3040DE4F23C080496; };
D4ECD91282D949EA8CFBD002 = { isa = PBXFileReference; lastKnownFileType = sourcecode.swift; path = "Sources/Grid/GridModule.swift"; sourceTree = SOURCE_ROOT; };
DAD2915D2DF07BF78284993F = { isa = PBXFileReference; explicitFileType = wrapper.application; path = TerrainSeam.app; sourceTree = BUILT_PRODUCTS_DIR; };
E18DC692309F347605454BF0 = { isa = PBXBuildFile; productRef = 9FF6E6B7B0B689F6E26C7761; };
E26484A20693BD27CF130320 = { isa = PBXBuildFile; fileRef = C46A650519CFDBCD55000852; };
E31D85669438EC498130C745 = { isa = PBXFrameworksBuildPhase; buildActionMask = 2147483647; files = (9229445381FF3CF9658797A3, A0ECA78EF76A6326775EBF66, E321134EE9030636A6A22657,); runOnlyForDeploymentPostprocessing = 0; };
E321134EE9030636A6A22657 = { isa = PBXBuildFile; productRef = 2C3A33FE2073BCA511C7BBD7; };
E39CF0F342D483128D66A473 = { isa = PBXFrameworksBuildPhase; buildActionMask = 2147483647; files = (1947A855FFF9B60F42E66ECC, A41ECEFF08987397C6017A01, 4235BFC4ADD309AA9DBE2321,); runOnlyForDeploymentPostprocessing = 0; };
E43D8A77D1437804B64D6655 = { isa = XCBuildConfiguration; name = Release; buildSettings = { "SWIFT_VERSION" = "5.0"; "IPHONEOS_DEPLOYMENT_TARGET" = "18.0"; "SDKROOT" = "iphoneos"; "SUPPORTED_PLATFORMS" = "iphoneos iphonesimulator"; "TARGETED_DEVICE_FAMILY" = "1,2"; "SUPPORTS_MACCATALYST" = "NO"; "CLANG_ENABLE_MODULES" = "YES"; "CODE_SIGN_STYLE" = "Automatic"; "SWIFT_OPTIMIZATION_LEVEL" = "-O"; "ENABLE_TESTABILITY" = "NO"; "SWIFT_ACTIVE_COMPILATION_CONDITIONS" = " GRID_MODULE"; "PRODUCT_NAME" = "$(TARGET_NAME)"; "PRODUCT_BUNDLE_IDENTIFIER" = "local.gamecore.GridSeamTests"; "GENERATE_INFOPLIST_FILE" = "YES"; "TEST_HOST" = "$(BUILT_PRODUCTS_DIR)/GridSeam.app/GridSeam"; "BUNDLE_LOADER" = "$(TEST_HOST)"; }; };
E57DE2EE25B84795916456CE = { isa = PBXFrameworksBuildPhase; buildActionMask = 2147483647; files = (); runOnlyForDeploymentPostprocessing = 0; };
E6DE6C99132752C914FEF632 = { isa = XCBuildConfiguration; name = Release; buildSettings = { "SWIFT_VERSION" = "5.0"; "IPHONEOS_DEPLOYMENT_TARGET" = "18.0"; "SDKROOT" = "iphoneos"; "SUPPORTED_PLATFORMS" = "iphoneos iphonesimulator"; "TARGETED_DEVICE_FAMILY" = "1,2"; "SUPPORTS_MACCATALYST" = "NO"; "CLANG_ENABLE_MODULES" = "YES"; "CODE_SIGN_STYLE" = "Automatic"; "SWIFT_OPTIMIZATION_LEVEL" = "-O"; "ENABLE_TESTABILITY" = "NO"; "SWIFT_ACTIVE_COMPILATION_CONDITIONS" = ""; }; };
E81DCC4F92C4343C6ECFC598 = { isa = XCConfigurationList; buildConfigurations = (99F22B6A57E58F85D47BEAC7, A0D975F929C3402DDC5C24C8,); defaultConfigurationIsVisible = 0; defaultConfigurationName = Release; };
E8543EA9B267BA809091D14B = { isa = PBXNativeTarget; name = TerrainSeamUITests; productName = TerrainSeamUITests; productReference = 2C8BE4C4EF505A2A40F0B23F; productType = "com.apple.product-type.bundle.ui-testing"; buildConfigurationList = FDA7E9B3950138E735CE2256; buildPhases = (4EFA300725DA320723D57DA6, E57DE2EE25B84795916456CE, 295464E6A88CF70189E12E75,); buildRules = (); dependencies = (EB72E736697C17D88AFE6154,); packageProductDependencies = (); };
EB72E736697C17D88AFE6154 = { isa = PBXTargetDependency; target = A4EDF650FBF8F4A4CB6FE82F; targetProxy = 482D597DEBE0F91D3ECCA595; };
EE2E16CC3A076CEAADB8D148 = { isa = PBXBuildFile; fileRef = C46A650519CFDBCD55000852; };
F8B10A4E5C60F2CFCDD5C0F0 = { isa = PBXSourcesBuildPhase; buildActionMask = 2147483647; files = (EE2E16CC3A076CEAADB8D148, 2A50B4D873171325E8E1BDBE, A23FBBE8A36357C6E718C6BF, 407CB25C61BA7A9F41C7A153, 2F0DC00ECD2A87F54032C032, CB95B8145E8CCD5FD516E890,); runOnlyForDeploymentPostprocessing = 0; };
FBDC4F23F93125BBEEAE800C = { isa = PBXGroup; name = Products; sourceTree = "<group>"; children = (B322E2561ADFDCBD13CB2860, 49FF3EF1564EF7A103437191, 2763F3B86399A2AEB343337F, DAD2915D2DF07BF78284993F, 723543B3840E447F09E1A967, 2C8BE4C4EF505A2A40F0B23F,); };
FDA7E9B3950138E735CE2256 = { isa = XCConfigurationList; buildConfigurations = (7D6DEC12FED62AACB9AB8D00, 2CD084B920C3D6561DC830E1,); defaultConfigurationIsVisible = 0; defaultConfigurationName = Release; };
FE5239E97D7C21EE09FAAFE6 = { isa = XCConfigurationList; buildConfigurations = (9D0CC7892D538F39101E3CF2, 01DCF802A8EC4BC5B5AEE9D9,); defaultConfigurationIsVisible = 0; defaultConfigurationName = Release; };
}; rootObject = 98F54143AB4E86B28C3AFEE0; }
