// !$*UTF8*$!
{ archiveVersion = 1; classes = {}; objectVersion = 56; objects = {
00F209874A1F7309F6DCEAA7 = { isa = XCBuildConfiguration; name = Release; buildSettings = { "SWIFT_VERSION" = "5.0"; "IPHONEOS_DEPLOYMENT_TARGET" = "18.0"; "MACOSX_DEPLOYMENT_TARGET" = "15.0"; "SDKROOT" = "auto"; "SUPPORTED_PLATFORMS" = "iphoneos iphonesimulator macosx"; "CLANG_ENABLE_MODULES" = "YES"; "SWIFT_OPTIMIZATION_LEVEL" = "-O"; "DEBUG_INFORMATION_FORMAT" = "dwarf-with-dsym"; "SWIFT_ACTIVE_COMPILATION_CONDITIONS" = ""; "ENABLE_TESTABILITY" = "NO"; "CODE_SIGN_STYLE" = "Automatic"; "TARGETED_DEVICE_FAMILY" = "1,2"; }; };
081980708C618AC299239CA4 = { isa = PBXBuildFile; fileRef = 32E9EFFDBCDD0FDA0AE0CD84; };
0BE94B50AEA3BB10D2482C15 = { isa = PBXFileReference; lastKnownFileType = sourcecode.swift; path = "Sources/Board/BoardScene.swift"; sourceTree = SOURCE_ROOT; };
1773BF47A88585E6FB0143F6 = { isa = PBXBuildFile; fileRef = 65F950A097342F6E3B80427C; };
19F0976CA299F93A2DFF5F71 = { isa = PBXResourcesBuildPhase; buildActionMask = 2147483647; files = (); runOnlyForDeploymentPostprocessing = 0; };
1E78CD6708C5FBCE05276691 = { isa = PBXFileReference; lastKnownFileType = sourcecode.swift; path = "Sources/Diagnostics/ProbeMetrics.swift"; sourceTree = SOURCE_ROOT; };
268D2D29669C504AD910B275 = { isa = XCConfigurationList; buildConfigurations = (F8975E934DA2067E0E497395, F72D4F08E84CA4C7F809A7CF,); defaultConfigurationIsVisible = 0; defaultConfigurationName = Release; };
32E9EFFDBCDD0FDA0AE0CD84 = { isa = PBXFileReference; lastKnownFileType = sourcecode.swift; path = "Sources/Diagnostics/FrameStatistics.swift"; sourceTree = SOURCE_ROOT; };
39F831DAFE5A2F37503C83B2 = { isa = PBXFrameworksBuildPhase; buildActionMask = 2147483647; files = (); runOnlyForDeploymentPostprocessing = 0; };
49A6CD41A58AA10A9802997E = { isa = XCConfigurationList; buildConfigurations = (BAC435B037607B50C4729BF1, 5DE0B96147C56CE7EB664EA3,); defaultConfigurationIsVisible = 0; defaultConfigurationName = Release; };
4A0981C60C2C6206CB27BEDB = { isa = PBXFileReference; lastKnownFileType = sourcecode.swift; path = "Sources/Terrain/TerrainHeightfield.swift"; sourceTree = SOURCE_ROOT; };
4E783A9E10D2A8ABA38CD11C = { isa = PBXFileReference; explicitFileType = wrapper.application; path = PlatformBaseline.app; sourceTree = BUILT_PRODUCTS_DIR; };
530CBA6211E4EAA1E0D8C5B9 = { isa = PBXBuildFile; fileRef = 4A0981C60C2C6206CB27BEDB; };
571A5C55EAA702A1D6389356 = { isa = PBXBuildFile; fileRef = 5816929E41BDBDA5A9CC944E; };
5816929E41BDBDA5A9CC944E = { isa = PBXFileReference; lastKnownFileType = sourcecode.swift; path = "Sources/Terrain/TerrainProbeView.swift"; sourceTree = SOURCE_ROOT; };
5C46B192463CEF78748C0BA7 = { isa = PBXBuildFile; fileRef = 1E78CD6708C5FBCE05276691; };
5DE0B96147C56CE7EB664EA3 = { isa = XCBuildConfiguration; name = Release; buildSettings = { "SWIFT_VERSION" = "5.0"; "IPHONEOS_DEPLOYMENT_TARGET" = "18.0"; "MACOSX_DEPLOYMENT_TARGET" = "15.0"; "SDKROOT" = "auto"; "SUPPORTED_PLATFORMS" = "iphoneos iphonesimulator macosx"; "CLANG_ENABLE_MODULES" = "YES"; "SWIFT_OPTIMIZATION_LEVEL" = "-O"; "DEBUG_INFORMATION_FORMAT" = "dwarf-with-dsym"; "SWIFT_ACTIVE_COMPILATION_CONDITIONS" = ""; "ENABLE_TESTABILITY" = "NO"; "CODE_SIGN_STYLE" = "Automatic"; "TARGETED_DEVICE_FAMILY" = "1,2"; "PRODUCT_NAME" = "$(TARGET_NAME)"; "PRODUCT_BUNDLE_IDENTIFIER" = "local.gamecore.PlatformBaselineUITests"; "GENERATE_INFOPLIST_FILE" = "YES"; "TEST_TARGET_NAME" = "PlatformBaseline"; }; };
65F950A097342F6E3B80427C = { isa = PBXFileReference; lastKnownFileType = sourcecode.swift; path = "Sources/App/PlatformBaselineApp.swift"; sourceTree = SOURCE_ROOT; };
6650A2B5E24FA7522CE6B81C = { isa = XCConfigurationList; buildConfigurations = (ED8772ADEC3A6C25161BC957, 00F209874A1F7309F6DCEAA7,); defaultConfigurationIsVisible = 0; defaultConfigurationName = Release; };
6C7CCDEB3609F1FAA874E941 = { isa = PBXFileReference; explicitFileType = wrapper.cfbundle; path = PlatformBaselineUITests.xctest; sourceTree = BUILT_PRODUCTS_DIR; };
73996D0FF31A2C017A5EAC0F = { isa = PBXTargetDependency; target = F75109BEB4DD8800DA6B45F8; targetProxy = EEE53D504AFCC8D4B0AA715A; };
794AAC98ACE6EB716B86C3A5 = { isa = PBXNativeTarget; name = PlatformBaselineUITests; productName = PlatformBaselineUITests; productReference = 6C7CCDEB3609F1FAA874E941; productType = "com.apple.product-type.bundle.ui-testing"; buildConfigurationList = 49A6CD41A58AA10A9802997E; buildPhases = (F9ACDEB529017EFC18F5E60A, 39F831DAFE5A2F37503C83B2, 19F0976CA299F93A2DFF5F71,); buildRules = (); dependencies = (73996D0FF31A2C017A5EAC0F,); };
82D9F4A7E3380E719862B7D0 = { isa = PBXFileReference; lastKnownFileType = sourcecode.swift; path = "UITests/PlatformBaselineUITests.swift"; sourceTree = SOURCE_ROOT; };
870B3294C0CBD48AF6BBCC1B = { isa = PBXGroup; sourceTree = "<group>"; children = (65F950A097342F6E3B80427C, 8DFF9215BDBA2C0EDA636AFE, 0BE94B50AEA3BB10D2482C15, 32E9EFFDBCDD0FDA0AE0CD84, 1E78CD6708C5FBCE05276691, 4A0981C60C2C6206CB27BEDB, 5816929E41BDBDA5A9CC944E, 82D9F4A7E3380E719862B7D0, FBDC4F23F93125BBEEAE800C,); };
885436356A6FD212158D6D75 = { isa = PBXBuildFile; fileRef = 8DFF9215BDBA2C0EDA636AFE; };
8DFF9215BDBA2C0EDA636AFE = { isa = PBXFileReference; lastKnownFileType = sourcecode.swift; path = "Sources/Board/BoardGeometry.swift"; sourceTree = SOURCE_ROOT; };
8ECC8B5D05B79F879ACDF1A2 = { isa = PBXResourcesBuildPhase; buildActionMask = 2147483647; files = (); runOnlyForDeploymentPostprocessing = 0; };
949D493B91791558E87BC5D7 = { isa = PBXSourcesBuildPhase; buildActionMask = 2147483647; files = (1773BF47A88585E6FB0143F6, 885436356A6FD212158D6D75, BE13543D10199D8B520FD177, 081980708C618AC299239CA4, 5C46B192463CEF78748C0BA7, 530CBA6211E4EAA1E0D8C5B9, 571A5C55EAA702A1D6389356,); runOnlyForDeploymentPostprocessing = 0; };
98F54143AB4E86B28C3AFEE0 = { isa = PBXProject; attributes = { BuildIndependentTargetsInParallel = YES; LastUpgradeCheck = 2700; TargetAttributes = { 794AAC98ACE6EB716B86C3A5 = { TestTargetID = F75109BEB4DD8800DA6B45F8; }; }; }; buildConfigurationList = 6650A2B5E24FA7522CE6B81C; compatibilityVersion = "Xcode 14.0"; developmentRegion = en; hasScannedForEncodings = 0; knownRegions = (en, Base); mainGroup = 870B3294C0CBD48AF6BBCC1B; productRefGroup = FBDC4F23F93125BBEEAE800C; projectDirPath = ""; projectRoot = ""; targets = (F75109BEB4DD8800DA6B45F8, 794AAC98ACE6EB716B86C3A5,); };
B58E74E2838BFD2F885C873B = { isa = PBXBuildFile; fileRef = 82D9F4A7E3380E719862B7D0; };
BAC435B037607B50C4729BF1 = { isa = XCBuildConfiguration; name = Debug; buildSettings = { "SWIFT_VERSION" = "5.0"; "IPHONEOS_DEPLOYMENT_TARGET" = "18.0"; "MACOSX_DEPLOYMENT_TARGET" = "15.0"; "SDKROOT" = "auto"; "SUPPORTED_PLATFORMS" = "iphoneos iphonesimulator macosx"; "CLANG_ENABLE_MODULES" = "YES"; "SWIFT_OPTIMIZATION_LEVEL" = "-Onone"; "DEBUG_INFORMATION_FORMAT" = "dwarf"; "SWIFT_ACTIVE_COMPILATION_CONDITIONS" = "DEBUG"; "ENABLE_TESTABILITY" = "YES"; "CODE_SIGN_STYLE" = "Automatic"; "TARGETED_DEVICE_FAMILY" = "1,2"; "PRODUCT_NAME" = "$(TARGET_NAME)"; "PRODUCT_BUNDLE_IDENTIFIER" = "local.gamecore.PlatformBaselineUITests"; "GENERATE_INFOPLIST_FILE" = "YES"; "TEST_TARGET_NAME" = "PlatformBaseline"; }; };
BD92572B49AC16A86614498D = { isa = PBXFrameworksBuildPhase; buildActionMask = 2147483647; files = (); runOnlyForDeploymentPostprocessing = 0; };
BE13543D10199D8B520FD177 = { isa = PBXBuildFile; fileRef = 0BE94B50AEA3BB10D2482C15; };
ED8772ADEC3A6C25161BC957 = { isa = XCBuildConfiguration; name = Debug; buildSettings = { "SWIFT_VERSION" = "5.0"; "IPHONEOS_DEPLOYMENT_TARGET" = "18.0"; "MACOSX_DEPLOYMENT_TARGET" = "15.0"; "SDKROOT" = "auto"; "SUPPORTED_PLATFORMS" = "iphoneos iphonesimulator macosx"; "CLANG_ENABLE_MODULES" = "YES"; "SWIFT_OPTIMIZATION_LEVEL" = "-Onone"; "DEBUG_INFORMATION_FORMAT" = "dwarf"; "SWIFT_ACTIVE_COMPILATION_CONDITIONS" = "DEBUG"; "ENABLE_TESTABILITY" = "YES"; "CODE_SIGN_STYLE" = "Automatic"; "TARGETED_DEVICE_FAMILY" = "1,2"; }; };
EEE53D504AFCC8D4B0AA715A = { isa = PBXContainerItemProxy; containerPortal = 98F54143AB4E86B28C3AFEE0; proxyType = 1; remoteGlobalIDString = F75109BEB4DD8800DA6B45F8; remoteInfo = PlatformBaseline; };
F72D4F08E84CA4C7F809A7CF = { isa = XCBuildConfiguration; name = Release; buildSettings = { "SWIFT_VERSION" = "5.0"; "IPHONEOS_DEPLOYMENT_TARGET" = "18.0"; "MACOSX_DEPLOYMENT_TARGET" = "15.0"; "SDKROOT" = "auto"; "SUPPORTED_PLATFORMS" = "iphoneos iphonesimulator macosx"; "CLANG_ENABLE_MODULES" = "YES"; "SWIFT_OPTIMIZATION_LEVEL" = "-O"; "DEBUG_INFORMATION_FORMAT" = "dwarf-with-dsym"; "SWIFT_ACTIVE_COMPILATION_CONDITIONS" = ""; "ENABLE_TESTABILITY" = "NO"; "CODE_SIGN_STYLE" = "Automatic"; "TARGETED_DEVICE_FAMILY" = "1,2"; "PRODUCT_NAME" = "$(TARGET_NAME)"; "PRODUCT_BUNDLE_IDENTIFIER" = "local.gamecore.PlatformBaseline"; "GENERATE_INFOPLIST_FILE" = "YES"; "INFOPLIST_KEY_CFBundleDisplayName" = "Platform Baseline"; "INFOPLIST_KEY_UIApplicationSceneManifest_Generation" = "YES"; "INFOPLIST_KEY_UILaunchScreen_Generation" = "YES"; "INFOPLIST_KEY_UISupportedInterfaceOrientations" = "UIInterfaceOrientationPortrait UIInterfaceOrientationLandscapeLeft UIInterfaceOrientationLandscapeRight"; "INFOPLIST_KEY_LSApplicationCategoryType" = "public.app-category.games"; "MARKETING_VERSION" = "0.0.1"; "CURRENT_PROJECT_VERSION" = "1"; "SUPPORTS_MACCATALYST" = "NO"; }; };
F75109BEB4DD8800DA6B45F8 = { isa = PBXNativeTarget; name = PlatformBaseline; productName = PlatformBaseline; productReference = 4E783A9E10D2A8ABA38CD11C; productType = "com.apple.product-type.application"; buildConfigurationList = 268D2D29669C504AD910B275; buildPhases = (949D493B91791558E87BC5D7, BD92572B49AC16A86614498D, 8ECC8B5D05B79F879ACDF1A2,); buildRules = (); dependencies = (); };
F8975E934DA2067E0E497395 = { isa = XCBuildConfiguration; name = Debug; buildSettings = { "SWIFT_VERSION" = "5.0"; "IPHONEOS_DEPLOYMENT_TARGET" = "18.0"; "MACOSX_DEPLOYMENT_TARGET" = "15.0"; "SDKROOT" = "auto"; "SUPPORTED_PLATFORMS" = "iphoneos iphonesimulator macosx"; "CLANG_ENABLE_MODULES" = "YES"; "SWIFT_OPTIMIZATION_LEVEL" = "-Onone"; "DEBUG_INFORMATION_FORMAT" = "dwarf"; "SWIFT_ACTIVE_COMPILATION_CONDITIONS" = "DEBUG"; "ENABLE_TESTABILITY" = "YES"; "CODE_SIGN_STYLE" = "Automatic"; "TARGETED_DEVICE_FAMILY" = "1,2"; "PRODUCT_NAME" = "$(TARGET_NAME)"; "PRODUCT_BUNDLE_IDENTIFIER" = "local.gamecore.PlatformBaseline"; "GENERATE_INFOPLIST_FILE" = "YES"; "INFOPLIST_KEY_CFBundleDisplayName" = "Platform Baseline"; "INFOPLIST_KEY_UIApplicationSceneManifest_Generation" = "YES"; "INFOPLIST_KEY_UILaunchScreen_Generation" = "YES"; "INFOPLIST_KEY_UISupportedInterfaceOrientations" = "UIInterfaceOrientationPortrait UIInterfaceOrientationLandscapeLeft UIInterfaceOrientationLandscapeRight"; "INFOPLIST_KEY_LSApplicationCategoryType" = "public.app-category.games"; "MARKETING_VERSION" = "0.0.1"; "CURRENT_PROJECT_VERSION" = "1"; "SUPPORTS_MACCATALYST" = "NO"; }; };
F9ACDEB529017EFC18F5E60A = { isa = PBXSourcesBuildPhase; buildActionMask = 2147483647; files = (B58E74E2838BFD2F885C873B,); runOnlyForDeploymentPostprocessing = 0; };
FBDC4F23F93125BBEEAE800C = { isa = PBXGroup; name = Products; sourceTree = "<group>"; children = (4E783A9E10D2A8ABA38CD11C, 6C7CCDEB3609F1FAA874E941,); };
}; rootObject = 98F54143AB4E86B28C3AFEE0; }
